
Microsoft Visual Studio Solution File, Format Version 12.00
# Visual Studio 2015
Project("{FAE04EC0-301F-11D3-BF4B-00C04F79EFBC}") = "EarthPrototype", "EarthPrototype.csproj", "{0AEA1E37-9101-56B1-C3F9-CBD02D630251}"
EndProject
Project("{FAE04EC0-301F-11D3-BF4B-00C04F79EFBC}") = "EarthPrototype.Editor", "EarthPrototype.Editor.csproj", "{A3A6F9FD-5435-7588-3A87-7CD8D078C129}"
EndProject
Global
	GlobalSection(SolutionConfigurationPlatforms) = preSolution
		Debug|Any CPU = Debug|Any CPU
		Release|Any CPU = Release|Any CPU
	EndGlobalSection
	GlobalSection(ProjectConfigurationPlatforms) = postSolution
		{0AEA1E37-9101-56B1-C3F9-CBD02D630251}.Debug|Any CPU.ActiveCfg = Debug|Any CPU
		{0AEA1E37-9101-56B1-C3F9-CBD02D630251}.Debug|Any CPU.Build.0 = Debug|Any CPU
		{0AEA1E37-9101-56B1-C3F9-CBD02D630251}.Release|Any CPU.ActiveCfg = Release|Any CPU
		{0AEA1E37-9101-56B1-C3F9-CBD02D630251}.Release|Any CPU.Build.0 = Release|Any CPU
		{A3A6F9FD-5435-7588-3A87-7CD8D078C129}.Debug|Any CPU.ActiveCfg = Debug|Any CPU
		{A3A6F9FD-5435-7588-3A87-7CD8D078C129}.Debug|Any CPU.Build.0 = Debug|Any CPU
		{A3A6F9FD-5435-7588-3A87-7CD8D078C129}.Release|Any CPU.ActiveCfg = Release|Any CPU
		{A3A6F9FD-5435-7588-3A87-7CD8D078C129}.Release|Any CPU.Build.0 = Release|Any CPU
	EndGlobalSection
	GlobalSection(SolutionProperties) = preSolution
		HideSolutionNode = FALSE
	EndGlobalSection
EndGlobal
