
Microsoft Visual Studio Solution File, Format Version 12.00
# Visual Studio 2015
Project("{FAE04EC0-301F-11D3-BF4B-00C04F79EFBC}") = "Earth Prototype", "Earth Prototype.csproj", "{0A56522A-DD5C-C269-1616-602785C0EF38}"
EndProject
Project("{FAE04EC0-301F-11D3-BF4B-00C04F79EFBC}") = "Earth Prototype.Editor", "Earth Prototype.Editor.csproj", "{65859AF2-9759-3F9D-71B5-BEFA4F5EECD3}"
EndProject
Global
	GlobalSection(SolutionConfigurationPlatforms) = preSolution
		Debug|Any CPU = Debug|Any CPU
		Release|Any CPU = Release|Any CPU
	EndGlobalSection
	GlobalSection(ProjectConfigurationPlatforms) = postSolution
		{0A56522A-DD5C-C269-1616-602785C0EF38}.Debug|Any CPU.ActiveCfg = Debug|Any CPU
		{0A56522A-DD5C-C269-1616-602785C0EF38}.Debug|Any CPU.Build.0 = Debug|Any CPU
		{0A56522A-DD5C-C269-1616-602785C0EF38}.Release|Any CPU.ActiveCfg = Release|Any CPU
		{0A56522A-DD5C-C269-1616-602785C0EF38}.Release|Any CPU.Build.0 = Release|Any CPU
		{65859AF2-9759-3F9D-71B5-BEFA4F5EECD3}.Debug|Any CPU.ActiveCfg = Debug|Any CPU
		{65859AF2-9759-3F9D-71B5-BEFA4F5EECD3}.Debug|Any CPU.Build.0 = Debug|Any CPU
		{65859AF2-9759-3F9D-71B5-BEFA4F5EECD3}.Release|Any CPU.ActiveCfg = Release|Any CPU
		{65859AF2-9759-3F9D-71B5-BEFA4F5EECD3}.Release|Any CPU.Build.0 = Release|Any CPU
	EndGlobalSection
	GlobalSection(SolutionProperties) = preSolution
		HideSolutionNode = FALSE
	EndGlobalSection
EndGlobal
